[[package]]
name = "aiotarantool"
version = "1.1.5"
description = "Tarantool connection driver for work with asyncio"
category = "main"
optional = false
python-versions = "*"
develop = false

[package.dependencies]
tarantool = ">=0.5.1"

[package.source]
type = "git"
url = "https://github.com/DmitIW/aiotarantool.git"
reference = "1.0"
resolved_reference = "4d9d6fdb3140110c4187d3bf62f887f7e083e53a"

[[package]]
name = "certifi"
version = "2020.12.5"
description = "Python package for providing Mozilla's CA Bundle."
category = "main"
optional = false
python-versions = "*"

[[package]]
name = "chardet"
version = "3.0.4"
description = "Universal encoding detector for Python 2 and 3"
category = "main"
optional = false
python-versions = "*"

[[package]]
name = "idna"
version = "2.10"
description = "Internationalized Domain Names in Applications (IDNA)"
category = "main"
optional = false
python-versions = ">=2.7, !=3.0.*, !=3.1.*, !=3.2.*, !=3.3.*"

[[package]]
name = "infi.clickhouse-orm"
version = "2.1.0"
description = "A Python library for working with the ClickHouse database"
category = "main"
optional = false
python-versions = "*"

[package.dependencies]
iso8601 = ">=0.1.12"
pytz = "*"
requests = "*"

[[package]]
name = "iso8601"
version = "0.1.13"
description = "Simple module to parse ISO 8601 dates"
category = "main"
optional = false
python-versions = "*"

[[package]]
name = "msgpack-python"
version = "0.5.6"
description = "MessagePack (de)serializer."
category = "main"
optional = false
python-versions = "*"

[[package]]
name = "pytz"
version = "2020.4"
description = "World timezone definitions, modern and historical"
category = "main"
optional = false
python-versions = "*"

[[package]]
name = "requests"
version = "2.25.0"
description = "Python HTTP for Humans."
category = "main"
optional = false
python-versions = ">=2.7, !=3.0.*, !=3.1.*, !=3.2.*, !=3.3.*, !=3.4.*"

[package.dependencies]
certifi = ">=2017.4.17"
chardet = ">=3.0.2,<4"
idna = ">=2.5,<3"
urllib3 = ">=1.21.1,<1.27"

[package.extras]
security = ["pyOpenSSL (>=0.14)", "cryptography (>=1.3.4)"]
socks = ["PySocks (>=1.5.6,!=1.5.7)", "win-inet-pton"]

[[package]]
name = "tarantool"
version = "0.6.6"
description = "Python client library for Tarantool 1.6 Database"
category = "main"
optional = false
python-versions = "*"

[package.dependencies]
msgpack-python = ">=0.4"

[[package]]
name = "urllib3"
version = "1.26.2"
description = "HTTP library with thread-safe connection pooling, file post, and more."
category = "main"
optional = false
python-versions = ">=2.7, !=3.0.*, !=3.1.*, !=3.2.*, !=3.3.*, !=3.4.*, <4"

[package.extras]
brotli = ["brotlipy (>=0.6.0)"]
secure = ["pyOpenSSL (>=0.14)", "cryptography (>=1.3.4)", "idna (>=2.0.0)", "certifi", "ipaddress"]
socks = ["PySocks (>=1.5.6,!=1.5.7,<2.0)"]

[metadata]
lock-version = "1.1"
python-versions = "^3.8.5"
content-hash = "76e739d2c02b878ec855092b04d9a0cf54fdd2fa3121490121967c87b83f6ca1"

[metadata.files]
aiotarantool = []
certifi = [
    {file = "certifi-2020.12.5-py2.py3-none-any.whl", hash = "sha256:719a74fb9e33b9bd44cc7f3a8d94bc35e4049deebe19ba7d8e108280cfd59830"},
    {file = "certifi-2020.12.5.tar.gz", hash = "sha256:1a4995114262bffbc2413b159f2a1a480c969de6e6eb13ee966d470af86af59c"},
]
chardet = [
    {file = "chardet-3.0.4-py2.py3-none-any.whl", hash = "sha256:fc323ffcaeaed0e0a02bf4d117757b98aed530d9ed4531e3e15460124c106691"},
    {file = "chardet-3.0.4.tar.gz", hash = "sha256:84ab92ed1c4d4f16916e05906b6b75a6c0fb5db821cc65e70cbd64a3e2a5eaae"},
]
idna = [
    {file = "idna-2.10-py2.py3-none-any.whl", hash = "sha256:b97d804b1e9b523befed77c48dacec60e6dcb0b5391d57af6a65a312a90648c0"},
    {file = "idna-2.10.tar.gz", hash = "sha256:b307872f855b18632ce0c21c5e45be78c0ea7ae4c15c828c20788b26921eb3f6"},
]
"infi.clickhouse-orm" = [
    {file = "infi.clickhouse_orm-2.1.0-py3-none-any.whl", hash = "sha256:71c29fcfa991221d1624346151bb3c560f22c6c0470b296e6c0050462fdb24b9"},
    {file = "infi.clickhouse_orm-2.1.0.tar.gz", hash = "sha256:8c09b57609067369e5abc27937b6fe6b8965a48b512671ca366cfe82ab630194"},
]
iso8601 = [
    {file = "iso8601-0.1.13-py2.py3-none-any.whl", hash = "sha256:694be0743e9f1535ea873bfc7bd6fb62380c62b75822761859428073a17fd39c"},
    {file = "iso8601-0.1.13-py3-none-any.whl", hash = "sha256:6f02f01dd13320a7f280e58516dc8d1950dfaf77527cc365a398cd9de4d3c692"},
    {file = "iso8601-0.1.13.tar.gz", hash = "sha256:f7dec22af52025d4526be94cc1303c7d8f5379b746a3f54a8c8446384392eeb1"},
]
msgpack-python = [
    {file = "msgpack-python-0.5.6.tar.gz", hash = "sha256:378cc8a6d3545b532dfd149da715abae4fda2a3adb6d74e525d0d5e51f46909b"},
]
pytz = [
    {file = "pytz-2020.4-py2.py3-none-any.whl", hash = "sha256:5c55e189b682d420be27c6995ba6edce0c0a77dd67bfbe2ae6607134d5851ffd"},
    {file = "pytz-2020.4.tar.gz", hash = "sha256:3e6b7dd2d1e0a59084bcee14a17af60c5c562cdc16d828e8eba2e683d3a7e268"},
]
requests = [
    {file = "requests-2.25.0-py2.py3-none-any.whl", hash = "sha256:e786fa28d8c9154e6a4de5d46a1d921b8749f8b74e28bde23768e5e16eece998"},
    {file = "requests-2.25.0.tar.gz", hash = "sha256:7f1a0b932f4a60a1a65caa4263921bb7d9ee911957e0ae4a23a6dd08185ad5f8"},
]
tarantool = [
    {file = "tarantool-0.6.6-py2.py3-none-any.whl", hash = "sha256:44556b46c2343018fb850eec59b98a357b0761a9a1d07ed8c1a573a34eb76a8e"},
    {file = "tarantool-0.6.6.tar.gz", hash = "sha256:6fc644958ce2aa688aadb1d0eda3d4782c3f71a028246ea910efcdb824ef04ad"},
]
urllib3 = [
    {file = "urllib3-1.26.2-py2.py3-none-any.whl", hash = "sha256:d8ff90d979214d7b4f8ce956e80f4028fc6860e4431f731ea4a8c08f23f99473"},
    {file = "urllib3-1.26.2.tar.gz", hash = "sha256:19188f96923873c92ccb987120ec4acaa12f0461fa9ce5d3d0772bc965a39e08"},
]
